
Microsoft Visual Studio Solution File, Format Version 12.00
# Visual Studio Version 17
Project("{FAE04EC0-301F-11D3-BF4B-00C04F79EFBC}") = "Atlas.Shared.Kernel", "src\Shared\Atlas.Shared.Kernel\Atlas.Shared.Kernel.csproj", "{F2C018B4-E05E-411A-9FA5-C5DBC8D4C543}"
EndProject
Project("{FAE04EC0-301F-11D3-BF4B-00C04F79EFBC}") = "Atlas.Shared.Contracts", "src\Shared\Atlas.Shared.Contracts\Atlas.Shared.Contracts.csproj", "{7E9261FD-46FA-4506-8432-B6D318E96547}"
EndProject
Project("{FAE04EC0-301F-11D3-BF4B-00C04F79EFBC}") = "Atlas.Shared.CQRS", "src\Shared\Atlas.Shared.CQRS\Atlas.Shared.CQRS.csproj", "{4540E586-B089-43E8-BFD2-1B207B59990A}"
EndProject
Project("{FAE04EC0-301F-11D3-BF4B-00C04F79EFBC}") = "Atlas.Modules.Auth.Domain", "src\Modules\Auth\Atlas.Modules.Auth.Domain\Atlas.Modules.Auth.Domain.csproj", "{1C4847A3-9A0E-4FB3-8A85-B4331F232F63}"
EndProject
Project("{FAE04EC0-301F-11D3-BF4B-00C04F79EFBC}") = "Atlas.Modules.Auth.Application", "src\Modules\Auth\Atlas.Modules.Auth.Application\Atlas.Modules.Auth.Application.csproj", "{97C19320-8421-43A9-A929-219C8F9F199B}"
EndProject
Project("{FAE04EC0-301F-11D3-BF4B-00C04F79EFBC}") = "Atlas.Modules.Auth.Infrastructure", "src\Modules\Auth\Atlas.Modules.Auth.Infrastructure\Atlas.Modules.Auth.Infrastructure.csproj", "{627DC5A3-B02C-43B4-85EC-CC3ADD29607B}"
EndProject
Project("{FAE04EC0-301F-11D3-BF4B-00C04F79EFBC}") = "Atlas.Modules.Auth.Api", "src\Modules\Auth\Atlas.Modules.Auth.Api\Atlas.Modules.Auth.Api.csproj", "{E844FFF2-0D87-442F-BCA7-DF3B5EE9A0BF}"
EndProject
Project("{FAE04EC0-301F-11D3-BF4B-00C04F79EFBC}") = "Atlas.Modules.Wiki.Domain", "src\Modules\Wiki\Atlas.Modules.Wiki.Domain\Atlas.Modules.Wiki.Domain.csproj", "{2842700E-E0A2-4B41-AF73-F300A377B5C0}"
EndProject
Project("{FAE04EC0-301F-11D3-BF4B-00C04F79EFBC}") = "Atlas.Modules.Wiki.Application", "src\Modules\Wiki\Atlas.Modules.Wiki.Application\Atlas.Modules.Wiki.Application.csproj", "{F5B33E6C-E3CD-4EA3-A88F-733C63D07B5E}"
EndProject
Project("{FAE04EC0-301F-11D3-BF4B-00C04F79EFBC}") = "Atlas.Modules.Wiki.Infrastructure", "src\Modules\Wiki\Atlas.Modules.Wiki.Infrastructure\Atlas.Modules.Wiki.Infrastructure.csproj", "{873AB603-2B8D-4273-931D-4A00C4D07901}"
EndProject
Project("{FAE04EC0-301F-11D3-BF4B-00C04F79EFBC}") = "Atlas.Modules.Wiki.Api", "src\Modules\Wiki\Atlas.Modules.Wiki.Api\Atlas.Modules.Wiki.Api.csproj", "{F29428CC-D865-4947-A01D-513DD538FC07}"
EndProject
Project("{FAE04EC0-301F-11D3-BF4B-00C04F79EFBC}") = "Atlas.Api", "src\Host\Atlas.Api\Atlas.Api.csproj", "{1BEE6ED3-5EDF-421D-9539-2009B4CF5E78}"
EndProject
Project("{2150E333-8FDC-42A3-9474-1A3956D46DE8}") = "tests", "tests", "{0AB3BF05-4346-4AA6-1389-037BE0695223}"
EndProject
Project("{FAE04EC0-301F-11D3-BF4B-00C04F79EFBC}") = "Atlas.Modules.Wiki.Domain.Tests", "tests\Atlas.Modules.Wiki.Domain.Tests\Atlas.Modules.Wiki.Domain.Tests.csproj", "{EF78C397-095C-49BE-B2F5-82B3FD0F5BF5}"
EndProject
Project("{2150E333-8FDC-42A3-9474-1A3956D46DE8}") = "src", "src", "{827E0CD3-B72D-47B6-A68D-7590B98EB39B}"
EndProject
Project("{2150E333-8FDC-42A3-9474-1A3956D46DE8}") = "Modules", "Modules", "{EC447DCF-ABFA-6E24-52A5-D7FD48A5C558}"
EndProject
Project("{2150E333-8FDC-42A3-9474-1A3956D46DE8}") = "Wiki", "Wiki", "{9EE74A00-3288-3237-5869-955A29E79777}"
EndProject
Project("{FAE04EC0-301F-11D3-BF4B-00C04F79EFBC}") = "Atlas.Modules.Auth.Domain.Tests", "tests\Atlas.Modules.Auth.Domain.Tests\Atlas.Modules.Auth.Domain.Tests.csproj", "{0720A3BF-3ADE-4696-854E-753230D5957E}"
EndProject
Project("{2150E333-8FDC-42A3-9474-1A3956D46DE8}") = "Auth", "Auth", "{E9D55F35-C373-3DD8-6914-3213F2F582A2}"
EndProject
Project("{2150E333-8FDC-42A3-9474-1A3956D46DE8}") = "Shared", "Shared", "{C8E42992-5E42-0C2B-DBFE-AA848D06431C}"
EndProject
Project("{FAE04EC0-301F-11D3-BF4B-00C04F79EFBC}") = "Atlas.Shared.Caching", "src\Shared\Atlas.Shared.Caching\Atlas.Shared.Caching.csproj", "{34313333-DB3D-4EA7-9A14-BA04160DEDEE}"
EndProject
Project("{2150E333-8FDC-42A3-9474-1A3956D46DE8}") = "Notifications", "Notifications", "{DE9DAF8A-E684-0FD3-FFDC-40D3E3158533}"
EndProject
Project("{FAE04EC0-301F-11D3-BF4B-00C04F79EFBC}") = "Atlas.Modules.Notifications.Domain", "src\Modules\Notifications\Atlas.Modules.Notifications.Domain\Atlas.Modules.Notifications.Domain.csproj", "{4D4B6FE5-647C-4A87-B10E-1E15E552D549}"
EndProject
Project("{FAE04EC0-301F-11D3-BF4B-00C04F79EFBC}") = "Atlas.Modules.Notifications.Application", "src\Modules\Notifications\Atlas.Modules.Notifications.Application\Atlas.Modules.Notifications.Application.csproj", "{5E58936E-DFBF-4557-A148-1F798E37CFAE}"
EndProject
Project("{FAE04EC0-301F-11D3-BF4B-00C04F79EFBC}") = "Atlas.Modules.Notifications.Infrastructure", "src\Modules\Notifications\Atlas.Modules.Notifications.Infrastructure\Atlas.Modules.Notifications.Infrastructure.csproj", "{008ED076-F5EE-4901-B6AA-9A90C8148EEB}"
EndProject
Project("{FAE04EC0-301F-11D3-BF4B-00C04F79EFBC}") = "Atlas.Modules.Notifications.Api", "src\Modules\Notifications\Atlas.Modules.Notifications.Api\Atlas.Modules.Notifications.Api.csproj", "{D1E4A349-3320-4A9A-B8FC-C5966B1FECEB}"
EndProject
Project("{2150E333-8FDC-42A3-9474-1A3956D46DE8}") = "AI", "AI", "{BB1D8860-8311-E62E-D03C-503AF4A8C141}"
EndProject
Project("{FAE04EC0-301F-11D3-BF4B-00C04F79EFBC}") = "Atlas.Modules.AI.Domain", "src\Modules\AI\Atlas.Modules.AI.Domain\Atlas.Modules.AI.Domain.csproj", "{60EDBAF6-744C-4A84-B97D-2CDB93DFE16A}"
EndProject
Project("{FAE04EC0-301F-11D3-BF4B-00C04F79EFBC}") = "Atlas.Modules.AI.Application", "src\Modules\AI\Atlas.Modules.AI.Application\Atlas.Modules.AI.Application.csproj", "{99301E14-A289-4760-A559-C24E57D880D3}"
EndProject
Project("{FAE04EC0-301F-11D3-BF4B-00C04F79EFBC}") = "Atlas.Modules.AI.Infrastructure", "src\Modules\AI\Atlas.Modules.AI.Infrastructure\Atlas.Modules.AI.Infrastructure.csproj", "{B62B9257-1890-49B4-8F1B-138E3E19323F}"
EndProject
Project("{FAE04EC0-301F-11D3-BF4B-00C04F79EFBC}") = "Atlas.Modules.AI.Api", "src\Modules\AI\Atlas.Modules.AI.Api\Atlas.Modules.AI.Api.csproj", "{7816D4DE-6E8C-4188-9319-87872E5B020B}"
EndProject
Project("{FAE04EC0-301F-11D3-BF4B-00C04F79EFBC}") = "Atlas.Modules.AI.Domain.Tests", "tests\Atlas.Modules.AI.Domain.Tests\Atlas.Modules.AI.Domain.Tests.csproj", "{6BD3843A-0BC7-438E-BE3C-5E4D8814BE95}"
EndProject
Project("{FAE04EC0-301F-11D3-BF4B-00C04F79EFBC}") = "Atlas.IntegrationTests", "tests\Atlas.IntegrationTests\Atlas.IntegrationTests.csproj", "{4F327184-7217-4447-AAEB-1EAAA180FF5B}"
EndProject
Project("{2150E333-8FDC-42A3-9474-1A3956D46DE8}") = "Host", "Host", "{981C2CF6-E5BB-602A-511C-234B538302B0}"
EndProject
Project("{FAE04EC0-301F-11D3-BF4B-00C04F79EFBC}") = "Atlas.Modules.AI.Infrastructure.Tests", "tests\Atlas.Modules.AI.Infrastructure.Tests\Atlas.Modules.AI.Infrastructure.Tests.csproj", "{D5C1111B-79F1-4533-BA29-C0600DB3FB27}"
EndProject
Project("{FAE04EC0-301F-11D3-BF4B-00C04F79EFBC}") = "Atlas.Modules.AI.Application.Tests", "tests\Atlas.Modules.AI.Application.Tests\Atlas.Modules.AI.Application.Tests.csproj", "{C2EBA97D-BB97-4944-8B7D-E438CB3D1C41}"
EndProject
Project("{FAE04EC0-301F-11D3-BF4B-00C04F79EFBC}") = "Atlas.Modules.Wiki.Application.Tests", "tests\Atlas.Modules.Wiki.Application.Tests\Atlas.Modules.Wiki.Application.Tests.csproj", "{27522019-758B-47AC-88FA-0B1AB739C73D}"
EndProject
Project("{FAE04EC0-301F-11D3-BF4B-00C04F79EFBC}") = "Atlas.Shared.Testing", "tests\Atlas.Shared.Testing\Atlas.Shared.Testing.csproj", "{FD91B2DA-173F-4377-A8E1-9AB0ED8A4F0C}"
EndProject
Project("{2150E333-8FDC-42A3-9474-1A3956D46DE8}") = "Audit", "Audit", "{B7504168-2F66-9EF4-E8D7-36B98062A6F8}"
EndProject
Project("{FAE04EC0-301F-11D3-BF4B-00C04F79EFBC}") = "Atlas.Modules.Audit.Domain", "src\Modules\Audit\Atlas.Modules.Audit.Domain\Atlas.Modules.Audit.Domain.csproj", "{08521409-04C4-4CAD-A698-276A00B06374}"
EndProject
Project("{FAE04EC0-301F-11D3-BF4B-00C04F79EFBC}") = "Atlas.Modules.Audit.Infrastructure", "src\Modules\Audit\Atlas.Modules.Audit.Infrastructure\Atlas.Modules.Audit.Infrastructure.csproj", "{9460FFBC-2CBC-4D65-BE19-DA86EF25F794}"
EndProject
Project("{FAE04EC0-301F-11D3-BF4B-00C04F79EFBC}") = "Atlas.Modules.Audit.Api", "src\Modules\Audit\Atlas.Modules.Audit.Api\Atlas.Modules.Audit.Api.csproj", "{51C0ECC8-D1E7-4C7D-87C7-15E85A577419}"
EndProject
Project("{FAE04EC0-301F-11D3-BF4B-00C04F79EFBC}") = "Atlas.Modules.Audit.Domain.Tests", "tests\Atlas.Modules.Audit.Domain.Tests\Atlas.Modules.Audit.Domain.Tests.csproj", "{75CF67D5-C827-4D49-B1C0-8AE1874D03B9}"
EndProject
Project("{FAE04EC0-301F-11D3-BF4B-00C04F79EFBC}") = "Atlas.Modules.Audit.Application", "src\Modules\Audit\Atlas.Modules.Audit.Application\Atlas.Modules.Audit.Application.csproj", "{65AD9CE9-7FAF-4450-ABDE-C74FF6249101}"
EndProject
Project("{FAE04EC0-301F-11D3-BF4B-00C04F79EFBC}") = "Atlas.Modules.Audit.Application.Tests", "tests\Atlas.Modules.Audit.Application.Tests\Atlas.Modules.Audit.Application.Tests.csproj", "{8F6C2616-094A-4561-BB99-6A2044A69D02}"
EndProject
Project("{FAE04EC0-301F-11D3-BF4B-00C04F79EFBC}") = "Atlas.Modules.Auth.Application.Tests", "tests\Atlas.Modules.Auth.Application.Tests\Atlas.Modules.Auth.Application.Tests.csproj", "{BCF1F490-1B75-4899-A6E9-E5FE2B50B609}"
EndProject
Project("{2150E333-8FDC-42A3-9474-1A3956D46DE8}") = "Vault", "Vault", "{73DB6007-8A23-9EB5-FDA9-455D3F5AF593}"
EndProject
Project("{FAE04EC0-301F-11D3-BF4B-00C04F79EFBC}") = "Atlas.Modules.Vault.Domain", "src\Modules\Vault\Atlas.Modules.Vault.Domain\Atlas.Modules.Vault.Domain.csproj", "{627F1934-5B35-40F3-9655-D114BE22F2CF}"
EndProject
Project("{FAE04EC0-301F-11D3-BF4B-00C04F79EFBC}") = "Atlas.Modules.Vault.Application", "src\Modules\Vault\Atlas.Modules.Vault.Application\Atlas.Modules.Vault.Application.csproj", "{8359A057-516A-402A-91D9-8026DA2FDECE}"
EndProject
Project("{FAE04EC0-301F-11D3-BF4B-00C04F79EFBC}") = "Atlas.Modules.Vault.Infrastructure", "src\Modules\Vault\Atlas.Modules.Vault.Infrastructure\Atlas.Modules.Vault.Infrastructure.csproj", "{68206AC0-CF97-4E03-8B48-5F5802F76A41}"
EndProject
Project("{FAE04EC0-301F-11D3-BF4B-00C04F79EFBC}") = "Atlas.Modules.Vault.Api", "src\Modules\Vault\Atlas.Modules.Vault.Api\Atlas.Modules.Vault.Api.csproj", "{68BC3953-D400-438B-A480-DFD27552EDF2}"
EndProject
Project("{2150E333-8FDC-42A3-9474-1A3956D46DE8}") = "Documents", "Documents", "{09A91B6C-79E6-0968-6169-7E6887562B47}"
EndProject
Project("{FAE04EC0-301F-11D3-BF4B-00C04F79EFBC}") = "Atlas.Modules.Documents.Domain", "src\Modules\Documents\Atlas.Modules.Documents.Domain\Atlas.Modules.Documents.Domain.csproj", "{10BC1E5E-AD9F-4A4E-83DA-20AE3FD168DD}"
EndProject
Project("{FAE04EC0-301F-11D3-BF4B-00C04F79EFBC}") = "Atlas.Modules.Documents.Application", "src\Modules\Documents\Atlas.Modules.Documents.Application\Atlas.Modules.Documents.Application.csproj", "{A0F37724-9EB5-4A85-B83B-0D0A0A679B80}"
EndProject
Project("{FAE04EC0-301F-11D3-BF4B-00C04F79EFBC}") = "Atlas.Modules.Documents.Infrastructure", "src\Modules\Documents\Atlas.Modules.Documents.Infrastructure\Atlas.Modules.Documents.Infrastructure.csproj", "{558FD208-1380-4BFB-82B8-F4684736BEEB}"
EndProject
Project("{FAE04EC0-301F-11D3-BF4B-00C04F79EFBC}") = "Atlas.Modules.Documents.Api", "src\Modules\Documents\Atlas.Modules.Documents.Api\Atlas.Modules.Documents.Api.csproj", "{46595437-34CE-485E-8DD5-7DA6FB1988E1}"
EndProject
Global
	GlobalSection(SolutionConfigurationPlatforms) = preSolution
		Debug|Any CPU = Debug|Any CPU
		Debug|x64 = Debug|x64
		Debug|x86 = Debug|x86
		Release|Any CPU = Release|Any CPU
		Release|x64 = Release|x64
		Release|x86 = Release|x86
	EndGlobalSection
	GlobalSection(ProjectConfigurationPlatforms) = postSolution
		{F2C018B4-E05E-411A-9FA5-C5DBC8D4C543}.Debug|Any CPU.ActiveCfg = Debug|Any CPU
		{F2C018B4-E05E-411A-9FA5-C5DBC8D4C543}.Debug|Any CPU.Build.0 = Debug|Any CPU
		{F2C018B4-E05E-411A-9FA5-C5DBC8D4C543}.Debug|x64.ActiveCfg = Debug|Any CPU
		{F2C018B4-E05E-411A-9FA5-C5DBC8D4C543}.Debug|x64.Build.0 = Debug|Any CPU
		{F2C018B4-E05E-411A-9FA5-C5DBC8D4C543}.Debug|x86.ActiveCfg = Debug|Any CPU
		{F2C018B4-E05E-411A-9FA5-C5DBC8D4C543}.Debug|x86.Build.0 = Debug|Any CPU
		{F2C018B4-E05E-411A-9FA5-C5DBC8D4C543}.Release|Any CPU.ActiveCfg = Release|Any CPU
		{F2C018B4-E05E-411A-9FA5-C5DBC8D4C543}.Release|Any CPU.Build.0 = Release|Any CPU
		{F2C018B4-E05E-411A-9FA5-C5DBC8D4C543}.Release|x64.ActiveCfg = Release|Any CPU
		{F2C018B4-E05E-411A-9FA5-C5DBC8D4C543}.Release|x64.Build.0 = Release|Any CPU
		{F2C018B4-E05E-411A-9FA5-C5DBC8D4C543}.Release|x86.ActiveCfg = Release|Any CPU
		{F2C018B4-E05E-411A-9FA5-C5DBC8D4C543}.Release|x86.Build.0 = Release|Any CPU
		{7E9261FD-46FA-4506-8432-B6D318E96547}.Debug|Any CPU.ActiveCfg = Debug|Any CPU
		{7E9261FD-46FA-4506-8432-B6D318E96547}.Debug|Any CPU.Build.0 = Debug|Any CPU
		{7E9261FD-46FA-4506-8432-B6D318E96547}.Debug|x64.ActiveCfg = Debug|Any CPU
		{7E9261FD-46FA-4506-8432-B6D318E96547}.Debug|x64.Build.0 = Debug|Any CPU
		{7E9261FD-46FA-4506-8432-B6D318E96547}.Debug|x86.ActiveCfg = Debug|Any CPU
		{7E9261FD-46FA-4506-8432-B6D318E96547}.Debug|x86.Build.0 = Debug|Any CPU
		{7E9261FD-46FA-4506-8432-B6D318E96547}.Release|Any CPU.ActiveCfg = Release|Any CPU
		{7E9261FD-46FA-4506-8432-B6D318E96547}.Release|Any CPU.Build.0 = Release|Any CPU
		{7E9261FD-46FA-4506-8432-B6D318E96547}.Release|x64.ActiveCfg = Release|Any CPU
		{7E9261FD-46FA-4506-8432-B6D318E96547}.Release|x64.Build.0 = Release|Any CPU
		{7E9261FD-46FA-4506-8432-B6D318E96547}.Release|x86.ActiveCfg = Release|Any CPU
		{7E9261FD-46FA-4506-8432-B6D318E96547}.Release|x86.Build.0 = Release|Any CPU
		{4540E586-B089-43E8-BFD2-1B207B59990A}.Debug|Any CPU.ActiveCfg = Debug|Any CPU
		{4540E586-B089-43E8-BFD2-1B207B59990A}.Debug|Any CPU.Build.0 = Debug|Any CPU
		{4540E586-B089-43E8-BFD2-1B207B59990A}.Debug|x64.ActiveCfg = Debug|Any CPU
		{4540E586-B089-43E8-BFD2-1B207B59990A}.Debug|x64.Build.0 = Debug|Any CPU
		{4540E586-B089-43E8-BFD2-1B207B59990A}.Debug|x86.ActiveCfg = Debug|Any CPU
		{4540E586-B089-43E8-BFD2-1B207B59990A}.Debug|x86.Build.0 = Debug|Any CPU
		{4540E586-B089-43E8-BFD2-1B207B59990A}.Release|Any CPU.ActiveCfg = Release|Any CPU
		{4540E586-B089-43E8-BFD2-1B207B59990A}.Release|Any CPU.Build.0 = Release|Any CPU
		{4540E586-B089-43E8-BFD2-1B207B59990A}.Release|x64.ActiveCfg = Release|Any CPU
		{4540E586-B089-43E8-BFD2-1B207B59990A}.Release|x64.Build.0 = Release|Any CPU
		{4540E586-B089-43E8-BFD2-1B207B59990A}.Release|x86.ActiveCfg = Release|Any CPU
		{4540E586-B089-43E8-BFD2-1B207B59990A}.Release|x86.Build.0 = Release|Any CPU
		{1C4847A3-9A0E-4FB3-8A85-B4331F232F63}.Debug|Any CPU.ActiveCfg = Debug|Any CPU
		{1C4847A3-9A0E-4FB3-8A85-B4331F232F63}.Debug|Any CPU.Build.0 = Debug|Any CPU
		{1C4847A3-9A0E-4FB3-8A85-B4331F232F63}.Debug|x64.ActiveCfg = Debug|Any CPU
		{1C4847A3-9A0E-4FB3-8A85-B4331F232F63}.Debug|x64.Build.0 = Debug|Any CPU
		{1C4847A3-9A0E-4FB3-8A85-B4331F232F63}.Debug|x86.ActiveCfg = Debug|Any CPU
		{1C4847A3-9A0E-4FB3-8A85-B4331F232F63}.Debug|x86.Build.0 = Debug|Any CPU
		{1C4847A3-9A0E-4FB3-8A85-B4331F232F63}.Release|Any CPU.ActiveCfg = Release|Any CPU
		{1C4847A3-9A0E-4FB3-8A85-B4331F232F63}.Release|Any CPU.Build.0 = Release|Any CPU
		{1C4847A3-9A0E-4FB3-8A85-B4331F232F63}.Release|x64.ActiveCfg = Release|Any CPU
		{1C4847A3-9A0E-4FB3-8A85-B4331F232F63}.Release|x64.Build.0 = Release|Any CPU
		{1C4847A3-9A0E-4FB3-8A85-B4331F232F63}.Release|x86.ActiveCfg = Release|Any CPU
		{1C4847A3-9A0E-4FB3-8A85-B4331F232F63}.Release|x86.Build.0 = Release|Any CPU
		{97C19320-8421-43A9-A929-219C8F9F199B}.Debug|Any CPU.ActiveCfg = Debug|Any CPU
		{97C19320-8421-43A9-A929-219C8F9F199B}.Debug|Any CPU.Build.0 = Debug|Any CPU
		{97C19320-8421-43A9-A929-219C8F9F199B}.Debug|x64.ActiveCfg = Debug|Any CPU
		{97C19320-8421-43A9-A929-219C8F9F199B}.Debug|x64.Build.0 = Debug|Any CPU
		{97C19320-8421-43A9-A929-219C8F9F199B}.Debug|x86.ActiveCfg = Debug|Any CPU
		{97C19320-8421-43A9-A929-219C8F9F199B}.Debug|x86.Build.0 = Debug|Any CPU
		{97C19320-8421-43A9-A929-219C8F9F199B}.Release|Any CPU.ActiveCfg = Release|Any CPU
		{97C19320-8421-43A9-A929-219C8F9F199B}.Release|Any CPU.Build.0 = Release|Any CPU
		{97C19320-8421-43A9-A929-219C8F9F199B}.Release|x64.ActiveCfg = Release|Any CPU
		{97C19320-8421-43A9-A929-219C8F9F199B}.Release|x64.Build.0 = Release|Any CPU
		{97C19320-8421-43A9-A929-219C8F9F199B}.Release|x86.ActiveCfg = Release|Any CPU
		{97C19320-8421-43A9-A929-219C8F9F199B}.Release|x86.Build.0 = Release|Any CPU
		{627DC5A3-B02C-43B4-85EC-CC3ADD29607B}.Debug|Any CPU.ActiveCfg = Debug|Any CPU
		{627DC5A3-B02C-43B4-85EC-CC3ADD29607B}.Debug|Any CPU.Build.0 = Debug|Any CPU
		{627DC5A3-B02C-43B4-85EC-CC3ADD29607B}.Debug|x64.ActiveCfg = Debug|Any CPU
		{627DC5A3-B02C-43B4-85EC-CC3ADD29607B}.Debug|x64.Build.0 = Debug|Any CPU
		{627DC5A3-B02C-43B4-85EC-CC3ADD29607B}.Debug|x86.ActiveCfg = Debug|Any CPU
		{627DC5A3-B02C-43B4-85EC-CC3ADD29607B}.Debug|x86.Build.0 = Debug|Any CPU
		{627DC5A3-B02C-43B4-85EC-CC3ADD29607B}.Release|Any CPU.ActiveCfg = Release|Any CPU
		{627DC5A3-B02C-43B4-85EC-CC3ADD29607B}.Release|Any CPU.Build.0 = Release|Any CPU
		{627DC5A3-B02C-43B4-85EC-CC3ADD29607B}.Release|x64.ActiveCfg = Release|Any CPU
		{627DC5A3-B02C-43B4-85EC-CC3ADD29607B}.Release|x64.Build.0 = Release|Any CPU
		{627DC5A3-B02C-43B4-85EC-CC3ADD29607B}.Release|x86.ActiveCfg = Release|Any CPU
		{627DC5A3-B02C-43B4-85EC-CC3ADD29607B}.Release|x86.Build.0 = Release|Any CPU
		{E844FFF2-0D87-442F-BCA7-DF3B5EE9A0BF}.Debug|Any CPU.ActiveCfg = Debug|Any CPU
		{E844FFF2-0D87-442F-BCA7-DF3B5EE9A0BF}.Debug|Any CPU.Build.0 = Debug|Any CPU
		{E844FFF2-0D87-442F-BCA7-DF3B5EE9A0BF}.Debug|x64.ActiveCfg = Debug|Any CPU
		{E844FFF2-0D87-442F-BCA7-DF3B5EE9A0BF}.Debug|x64.Build.0 = Debug|Any CPU
		{E844FFF2-0D87-442F-BCA7-DF3B5EE9A0BF}.Debug|x86.ActiveCfg = Debug|Any CPU
		{E844FFF2-0D87-442F-BCA7-DF3B5EE9A0BF}.Debug|x86.Build.0 = Debug|Any CPU
		{E844FFF2-0D87-442F-BCA7-DF3B5EE9A0BF}.Release|Any CPU.ActiveCfg = Release|Any CPU
		{E844FFF2-0D87-442F-BCA7-DF3B5EE9A0BF}.Release|Any CPU.Build.0 = Release|Any CPU
		{E844FFF2-0D87-442F-BCA7-DF3B5EE9A0BF}.Release|x64.ActiveCfg = Release|Any CPU
		{E844FFF2-0D87-442F-BCA7-DF3B5EE9A0BF}.Release|x64.Build.0 = Release|Any CPU
		{E844FFF2-0D87-442F-BCA7-DF3B5EE9A0BF}.Release|x86.ActiveCfg = Release|Any CPU
		{E844FFF2-0D87-442F-BCA7-DF3B5EE9A0BF}.Release|x86.Build.0 = Release|Any CPU
		{2842700E-E0A2-4B41-AF73-F300A377B5C0}.Debug|Any CPU.ActiveCfg = Debug|Any CPU
		{2842700E-E0A2-4B41-AF73-F300A377B5C0}.Debug|Any CPU.Build.0 = Debug|Any CPU
		{2842700E-E0A2-4B41-AF73-F300A377B5C0}.Debug|x64.ActiveCfg = Debug|Any CPU
		{2842700E-E0A2-4B41-AF73-F300A377B5C0}.Debug|x64.Build.0 = Debug|Any CPU
		{2842700E-E0A2-4B41-AF73-F300A377B5C0}.Debug|x86.ActiveCfg = Debug|Any CPU
		{2842700E-E0A2-4B41-AF73-F300A377B5C0}.Debug|x86.Build.0 = Debug|Any CPU
		{2842700E-E0A2-4B41-AF73-F300A377B5C0}.Release|Any CPU.ActiveCfg = Release|Any CPU
		{2842700E-E0A2-4B41-AF73-F300A377B5C0}.Release|Any CPU.Build.0 = Release|Any CPU
		{2842700E-E0A2-4B41-AF73-F300A377B5C0}.Release|x64.ActiveCfg = Release|Any CPU
		{2842700E-E0A2-4B41-AF73-F300A377B5C0}.Release|x64.Build.0 = Release|Any CPU
		{2842700E-E0A2-4B41-AF73-F300A377B5C0}.Release|x86.ActiveCfg = Release|Any CPU
		{2842700E-E0A2-4B41-AF73-F300A377B5C0}.Release|x86.Build.0 = Release|Any CPU
		{F5B33E6C-E3CD-4EA3-A88F-733C63D07B5E}.Debug|Any CPU.ActiveCfg = Debug|Any CPU
		{F5B33E6C-E3CD-4EA3-A88F-733C63D07B5E}.Debug|Any CPU.Build.0 = Debug|Any CPU
		{F5B33E6C-E3CD-4EA3-A88F-733C63D07B5E}.Debug|x64.ActiveCfg = Debug|Any CPU
		{F5B33E6C-E3CD-4EA3-A88F-733C63D07B5E}.Debug|x64.Build.0 = Debug|Any CPU
		{F5B33E6C-E3CD-4EA3-A88F-733C63D07B5E}.Debug|x86.ActiveCfg = Debug|Any CPU
		{F5B33E6C-E3CD-4EA3-A88F-733C63D07B5E}.Debug|x86.Build.0 = Debug|Any CPU
		{F5B33E6C-E3CD-4EA3-A88F-733C63D07B5E}.Release|Any CPU.ActiveCfg = Release|Any CPU
		{F5B33E6C-E3CD-4EA3-A88F-733C63D07B5E}.Release|Any CPU.Build.0 = Release|Any CPU
		{F5B33E6C-E3CD-4EA3-A88F-733C63D07B5E}.Release|x64.ActiveCfg = Release|Any CPU
		{F5B33E6C-E3CD-4EA3-A88F-733C63D07B5E}.Release|x64.Build.0 = Release|Any CPU
		{F5B33E6C-E3CD-4EA3-A88F-733C63D07B5E}.Release|x86.ActiveCfg = Release|Any CPU
		{F5B33E6C-E3CD-4EA3-A88F-733C63D07B5E}.Release|x86.Build.0 = Release|Any CPU
		{873AB603-2B8D-4273-931D-4A00C4D07901}.Debug|Any CPU.ActiveCfg = Debug|Any CPU
		{873AB603-2B8D-4273-931D-4A00C4D07901}.Debug|Any CPU.Build.0 = Debug|Any CPU
		{873AB603-2B8D-4273-931D-4A00C4D07901}.Debug|x64.ActiveCfg = Debug|Any CPU
		{873AB603-2B8D-4273-931D-4A00C4D07901}.Debug|x64.Build.0 = Debug|Any CPU
		{873AB603-2B8D-4273-931D-4A00C4D07901}.Debug|x86.ActiveCfg = Debug|Any CPU
		{873AB603-2B8D-4273-931D-4A00C4D07901}.Debug|x86.Build.0 = Debug|Any CPU
		{873AB603-2B8D-4273-931D-4A00C4D07901}.Release|Any CPU.ActiveCfg = Release|Any CPU
		{873AB603-2B8D-4273-931D-4A00C4D07901}.Release|Any CPU.Build.0 = Release|Any CPU
		{873AB603-2B8D-4273-931D-4A00C4D07901}.Release|x64.ActiveCfg = Release|Any CPU
		{873AB603-2B8D-4273-931D-4A00C4D07901}.Release|x64.Build.0 = Release|Any CPU
		{873AB603-2B8D-4273-931D-4A00C4D07901}.Release|x86.ActiveCfg = Release|Any CPU
		{873AB603-2B8D-4273-931D-4A00C4D07901}.Release|x86.Build.0 = Release|Any CPU
		{F29428CC-D865-4947-A01D-513DD538FC07}.Debug|Any CPU.ActiveCfg = Debug|Any CPU
		{F29428CC-D865-4947-A01D-513DD538FC07}.Debug|Any CPU.Build.0 = Debug|Any CPU
		{F29428CC-D865-4947-A01D-513DD538FC07}.Debug|x64.ActiveCfg = Debug|Any CPU
		{F29428CC-D865-4947-A01D-513DD538FC07}.Debug|x64.Build.0 = Debug|Any CPU
		{F29428CC-D865-4947-A01D-513DD538FC07}.Debug|x86.ActiveCfg = Debug|Any CPU
		{F29428CC-D865-4947-A01D-513DD538FC07}.Debug|x86.Build.0 = Debug|Any CPU
		{F29428CC-D865-4947-A01D-513DD538FC07}.Release|Any CPU.ActiveCfg = Release|Any CPU
		{F29428CC-D865-4947-A01D-513DD538FC07}.Release|Any CPU.Build.0 = Release|Any CPU
		{F29428CC-D865-4947-A01D-513DD538FC07}.Release|x64.ActiveCfg = Release|Any CPU
		{F29428CC-D865-4947-A01D-513DD538FC07}.Release|x64.Build.0 = Release|Any CPU
		{F29428CC-D865-4947-A01D-513DD538FC07}.Release|x86.ActiveCfg = Release|Any CPU
		{F29428CC-D865-4947-A01D-513DD538FC07}.Release|x86.Build.0 = Release|Any CPU
		{1BEE6ED3-5EDF-421D-9539-2009B4CF5E78}.Debug|Any CPU.ActiveCfg = Debug|Any CPU
		{1BEE6ED3-5EDF-421D-9539-2009B4CF5E78}.Debug|Any CPU.Build.0 = Debug|Any CPU
		{1BEE6ED3-5EDF-421D-9539-2009B4CF5E78}.Debug|x64.ActiveCfg = Debug|Any CPU
		{1BEE6ED3-5EDF-421D-9539-2009B4CF5E78}.Debug|x64.Build.0 = Debug|Any CPU
		{1BEE6ED3-5EDF-421D-9539-2009B4CF5E78}.Debug|x86.ActiveCfg = Debug|Any CPU
		{1BEE6ED3-5EDF-421D-9539-2009B4CF5E78}.Debug|x86.Build.0 = Debug|Any CPU
		{1BEE6ED3-5EDF-421D-9539-2009B4CF5E78}.Release|Any CPU.ActiveCfg = Release|Any CPU
		{1BEE6ED3-5EDF-421D-9539-2009B4CF5E78}.Release|Any CPU.Build.0 = Release|Any CPU
		{1BEE6ED3-5EDF-421D-9539-2009B4CF5E78}.Release|x64.ActiveCfg = Release|Any CPU
		{1BEE6ED3-5EDF-421D-9539-2009B4CF5E78}.Release|x64.Build.0 = Release|Any CPU
		{1BEE6ED3-5EDF-421D-9539-2009B4CF5E78}.Release|x86.ActiveCfg = Release|Any CPU
		{1BEE6ED3-5EDF-421D-9539-2009B4CF5E78}.Release|x86.Build.0 = Release|Any CPU
		{EF78C397-095C-49BE-B2F5-82B3FD0F5BF5}.Debug|Any CPU.ActiveCfg = Debug|Any CPU
		{EF78C397-095C-49BE-B2F5-82B3FD0F5BF5}.Debug|Any CPU.Build.0 = Debug|Any CPU
		{EF78C397-095C-49BE-B2F5-82B3FD0F5BF5}.Debug|x64.ActiveCfg = Debug|Any CPU
		{EF78C397-095C-49BE-B2F5-82B3FD0F5BF5}.Debug|x64.Build.0 = Debug|Any CPU
		{EF78C397-095C-49BE-B2F5-82B3FD0F5BF5}.Debug|x86.ActiveCfg = Debug|Any CPU
		{EF78C397-095C-49BE-B2F5-82B3FD0F5BF5}.Debug|x86.Build.0 = Debug|Any CPU
		{EF78C397-095C-49BE-B2F5-82B3FD0F5BF5}.Release|Any CPU.ActiveCfg = Release|Any CPU
		{EF78C397-095C-49BE-B2F5-82B3FD0F5BF5}.Release|Any CPU.Build.0 = Release|Any CPU
		{EF78C397-095C-49BE-B2F5-82B3FD0F5BF5}.Release|x64.ActiveCfg = Release|Any CPU
		{EF78C397-095C-49BE-B2F5-82B3FD0F5BF5}.Release|x64.Build.0 = Release|Any CPU
		{EF78C397-095C-49BE-B2F5-82B3FD0F5BF5}.Release|x86.ActiveCfg = Release|Any CPU
		{EF78C397-095C-49BE-B2F5-82B3FD0F5BF5}.Release|x86.Build.0 = Release|Any CPU
		{0720A3BF-3ADE-4696-854E-753230D5957E}.Debug|Any CPU.ActiveCfg = Debug|Any CPU
		{0720A3BF-3ADE-4696-854E-753230D5957E}.Debug|Any CPU.Build.0 = Debug|Any CPU
		{0720A3BF-3ADE-4696-854E-753230D5957E}.Debug|x64.ActiveCfg = Debug|Any CPU
		{0720A3BF-3ADE-4696-854E-753230D5957E}.Debug|x64.Build.0 = Debug|Any CPU
		{0720A3BF-3ADE-4696-854E-753230D5957E}.Debug|x86.ActiveCfg = Debug|Any CPU
		{0720A3BF-3ADE-4696-854E-753230D5957E}.Debug|x86.Build.0 = Debug|Any CPU
		{0720A3BF-3ADE-4696-854E-753230D5957E}.Release|Any CPU.ActiveCfg = Release|Any CPU
		{0720A3BF-3ADE-4696-854E-753230D5957E}.Release|Any CPU.Build.0 = Release|Any CPU
		{0720A3BF-3ADE-4696-854E-753230D5957E}.Release|x64.ActiveCfg = Release|Any CPU
		{0720A3BF-3ADE-4696-854E-753230D5957E}.Release|x64.Build.0 = Release|Any CPU
		{0720A3BF-3ADE-4696-854E-753230D5957E}.Release|x86.ActiveCfg = Release|Any CPU
		{0720A3BF-3ADE-4696-854E-753230D5957E}.Release|x86.Build.0 = Release|Any CPU
		{34313333-DB3D-4EA7-9A14-BA04160DEDEE}.Debug|Any CPU.ActiveCfg = Debug|Any CPU
		{34313333-DB3D-4EA7-9A14-BA04160DEDEE}.Debug|Any CPU.Build.0 = Debug|Any CPU
		{34313333-DB3D-4EA7-9A14-BA04160DEDEE}.Debug|x64.ActiveCfg = Debug|Any CPU
		{34313333-DB3D-4EA7-9A14-BA04160DEDEE}.Debug|x64.Build.0 = Debug|Any CPU
		{34313333-DB3D-4EA7-9A14-BA04160DEDEE}.Debug|x86.ActiveCfg = Debug|Any CPU
		{34313333-DB3D-4EA7-9A14-BA04160DEDEE}.Debug|x86.Build.0 = Debug|Any CPU
		{34313333-DB3D-4EA7-9A14-BA04160DEDEE}.Release|Any CPU.ActiveCfg = Release|Any CPU
		{34313333-DB3D-4EA7-9A14-BA04160DEDEE}.Release|Any CPU.Build.0 = Release|Any CPU
		{34313333-DB3D-4EA7-9A14-BA04160DEDEE}.Release|x64.ActiveCfg = Release|Any CPU
		{34313333-DB3D-4EA7-9A14-BA04160DEDEE}.Release|x64.Build.0 = Release|Any CPU
		{34313333-DB3D-4EA7-9A14-BA04160DEDEE}.Release|x86.ActiveCfg = Release|Any CPU
		{34313333-DB3D-4EA7-9A14-BA04160DEDEE}.Release|x86.Build.0 = Release|Any CPU
		{4D4B6FE5-647C-4A87-B10E-1E15E552D549}.Debug|Any CPU.ActiveCfg = Debug|Any CPU
		{4D4B6FE5-647C-4A87-B10E-1E15E552D549}.Debug|Any CPU.Build.0 = Debug|Any CPU
		{4D4B6FE5-647C-4A87-B10E-1E15E552D549}.Debug|x64.ActiveCfg = Debug|Any CPU
		{4D4B6FE5-647C-4A87-B10E-1E15E552D549}.Debug|x64.Build.0 = Debug|Any CPU
		{4D4B6FE5-647C-4A87-B10E-1E15E552D549}.Debug|x86.ActiveCfg = Debug|Any CPU
		{4D4B6FE5-647C-4A87-B10E-1E15E552D549}.Debug|x86.Build.0 = Debug|Any CPU
		{4D4B6FE5-647C-4A87-B10E-1E15E552D549}.Release|Any CPU.ActiveCfg = Release|Any CPU
		{4D4B6FE5-647C-4A87-B10E-1E15E552D549}.Release|Any CPU.Build.0 = Release|Any CPU
		{4D4B6FE5-647C-4A87-B10E-1E15E552D549}.Release|x64.ActiveCfg = Release|Any CPU
		{4D4B6FE5-647C-4A87-B10E-1E15E552D549}.Release|x64.Build.0 = Release|Any CPU
		{4D4B6FE5-647C-4A87-B10E-1E15E552D549}.Release|x86.ActiveCfg = Release|Any CPU
		{4D4B6FE5-647C-4A87-B10E-1E15E552D549}.Release|x86.Build.0 = Release|Any CPU
		{5E58936E-DFBF-4557-A148-1F798E37CFAE}.Debug|Any CPU.ActiveCfg = Debug|Any CPU
		{5E58936E-DFBF-4557-A148-1F798E37CFAE}.Debug|Any CPU.Build.0 = Debug|Any CPU
		{5E58936E-DFBF-4557-A148-1F798E37CFAE}.Debug|x64.ActiveCfg = Debug|Any CPU
		{5E58936E-DFBF-4557-A148-1F798E37CFAE}.Debug|x64.Build.0 = Debug|Any CPU
		{5E58936E-DFBF-4557-A148-1F798E37CFAE}.Debug|x86.ActiveCfg = Debug|Any CPU
		{5E58936E-DFBF-4557-A148-1F798E37CFAE}.Debug|x86.Build.0 = Debug|Any CPU
		{5E58936E-DFBF-4557-A148-1F798E37CFAE}.Release|Any CPU.ActiveCfg = Release|Any CPU
		{5E58936E-DFBF-4557-A148-1F798E37CFAE}.Release|Any CPU.Build.0 = Release|Any CPU
		{5E58936E-DFBF-4557-A148-1F798E37CFAE}.Release|x64.ActiveCfg = Release|Any CPU
		{5E58936E-DFBF-4557-A148-1F798E37CFAE}.Release|x64.Build.0 = Release|Any CPU
		{5E58936E-DFBF-4557-A148-1F798E37CFAE}.Release|x86.ActiveCfg = Release|Any CPU
		{5E58936E-DFBF-4557-A148-1F798E37CFAE}.Release|x86.Build.0 = Release|Any CPU
		{008ED076-F5EE-4901-B6AA-9A90C8148EEB}.Debug|Any CPU.ActiveCfg = Debug|Any CPU
		{008ED076-F5EE-4901-B6AA-9A90C8148EEB}.Debug|Any CPU.Build.0 = Debug|Any CPU
		{008ED076-F5EE-4901-B6AA-9A90C8148EEB}.Debug|x64.ActiveCfg = Debug|Any CPU
		{008ED076-F5EE-4901-B6AA-9A90C8148EEB}.Debug|x64.Build.0 = Debug|Any CPU
		{008ED076-F5EE-4901-B6AA-9A90C8148EEB}.Debug|x86.ActiveCfg = Debug|Any CPU
		{008ED076-F5EE-4901-B6AA-9A90C8148EEB}.Debug|x86.Build.0 = Debug|Any CPU
		{008ED076-F5EE-4901-B6AA-9A90C8148EEB}.Release|Any CPU.ActiveCfg = Release|Any CPU
		{008ED076-F5EE-4901-B6AA-9A90C8148EEB}.Release|Any CPU.Build.0 = Release|Any CPU
		{008ED076-F5EE-4901-B6AA-9A90C8148EEB}.Release|x64.ActiveCfg = Release|Any CPU
		{008ED076-F5EE-4901-B6AA-9A90C8148EEB}.Release|x64.Build.0 = Release|Any CPU
		{008ED076-F5EE-4901-B6AA-9A90C8148EEB}.Release|x86.ActiveCfg = Release|Any CPU
		{008ED076-F5EE-4901-B6AA-9A90C8148EEB}.Release|x86.Build.0 = Release|Any CPU
		{D1E4A349-3320-4A9A-B8FC-C5966B1FECEB}.Debug|Any CPU.ActiveCfg = Debug|Any CPU
		{D1E4A349-3320-4A9A-B8FC-C5966B1FECEB}.Debug|Any CPU.Build.0 = Debug|Any CPU
		{D1E4A349-3320-4A9A-B8FC-C5966B1FECEB}.Debug|x64.ActiveCfg = Debug|Any CPU
		{D1E4A349-3320-4A9A-B8FC-C5966B1FECEB}.Debug|x64.Build.0 = Debug|Any CPU
		{D1E4A349-3320-4A9A-B8FC-C5966B1FECEB}.Debug|x86.ActiveCfg = Debug|Any CPU
		{D1E4A349-3320-4A9A-B8FC-C5966B1FECEB}.Debug|x86.Build.0 = Debug|Any CPU
		{D1E4A349-3320-4A9A-B8FC-C5966B1FECEB}.Release|Any CPU.ActiveCfg = Release|Any CPU
		{D1E4A349-3320-4A9A-B8FC-C5966B1FECEB}.Release|Any CPU.Build.0 = Release|Any CPU
		{D1E4A349-3320-4A9A-B8FC-C5966B1FECEB}.Release|x64.ActiveCfg = Release|Any CPU
		{D1E4A349-3320-4A9A-B8FC-C5966B1FECEB}.Release|x64.Build.0 = Release|Any CPU
		{D1E4A349-3320-4A9A-B8FC-C5966B1FECEB}.Release|x86.ActiveCfg = Release|Any CPU
		{D1E4A349-3320-4A9A-B8FC-C5966B1FECEB}.Release|x86.Build.0 = Release|Any CPU
		{60EDBAF6-744C-4A84-B97D-2CDB93DFE16A}.Debug|Any CPU.ActiveCfg = Debug|Any CPU
		{60EDBAF6-744C-4A84-B97D-2CDB93DFE16A}.Debug|Any CPU.Build.0 = Debug|Any CPU
		{60EDBAF6-744C-4A84-B97D-2CDB93DFE16A}.Debug|x64.ActiveCfg = Debug|Any CPU
		{60EDBAF6-744C-4A84-B97D-2CDB93DFE16A}.Debug|x64.Build.0 = Debug|Any CPU
		{60EDBAF6-744C-4A84-B97D-2CDB93DFE16A}.Debug|x86.ActiveCfg = Debug|Any CPU
		{60EDBAF6-744C-4A84-B97D-2CDB93DFE16A}.Debug|x86.Build.0 = Debug|Any CPU
		{60EDBAF6-744C-4A84-B97D-2CDB93DFE16A}.Release|Any CPU.ActiveCfg = Release|Any CPU
		{60EDBAF6-744C-4A84-B97D-2CDB93DFE16A}.Release|Any CPU.Build.0 = Release|Any CPU
		{60EDBAF6-744C-4A84-B97D-2CDB93DFE16A}.Release|x64.ActiveCfg = Release|Any CPU
		{60EDBAF6-744C-4A84-B97D-2CDB93DFE16A}.Release|x64.Build.0 = Release|Any CPU
		{60EDBAF6-744C-4A84-B97D-2CDB93DFE16A}.Release|x86.ActiveCfg = Release|Any CPU
		{60EDBAF6-744C-4A84-B97D-2CDB93DFE16A}.Release|x86.Build.0 = Release|Any CPU
		{99301E14-A289-4760-A559-C24E57D880D3}.Debug|Any CPU.ActiveCfg = Debug|Any CPU
		{99301E14-A289-4760-A559-C24E57D880D3}.Debug|Any CPU.Build.0 = Debug|Any CPU
		{99301E14-A289-4760-A559-C24E57D880D3}.Debug|x64.ActiveCfg = Debug|Any CPU
		{99301E14-A289-4760-A559-C24E57D880D3}.Debug|x64.Build.0 = Debug|Any CPU
		{99301E14-A289-4760-A559-C24E57D880D3}.Debug|x86.ActiveCfg = Debug|Any CPU
		{99301E14-A289-4760-A559-C24E57D880D3}.Debug|x86.Build.0 = Debug|Any CPU
		{99301E14-A289-4760-A559-C24E57D880D3}.Release|Any CPU.ActiveCfg = Release|Any CPU
		{99301E14-A289-4760-A559-C24E57D880D3}.Release|Any CPU.Build.0 = Release|Any CPU
		{99301E14-A289-4760-A559-C24E57D880D3}.Release|x64.ActiveCfg = Release|Any CPU
		{99301E14-A289-4760-A559-C24E57D880D3}.Release|x64.Build.0 = Release|Any CPU
		{99301E14-A289-4760-A559-C24E57D880D3}.Release|x86.ActiveCfg = Release|Any CPU
		{99301E14-A289-4760-A559-C24E57D880D3}.Release|x86.Build.0 = Release|Any CPU
		{B62B9257-1890-49B4-8F1B-138E3E19323F}.Debug|Any CPU.ActiveCfg = Debug|Any CPU
		{B62B9257-1890-49B4-8F1B-138E3E19323F}.Debug|Any CPU.Build.0 = Debug|Any CPU
		{B62B9257-1890-49B4-8F1B-138E3E19323F}.Debug|x64.ActiveCfg = Debug|Any CPU
		{B62B9257-1890-49B4-8F1B-138E3E19323F}.Debug|x64.Build.0 = Debug|Any CPU
		{B62B9257-1890-49B4-8F1B-138E3E19323F}.Debug|x86.ActiveCfg = Debug|Any CPU
		{B62B9257-1890-49B4-8F1B-138E3E19323F}.Debug|x86.Build.0 = Debug|Any CPU
		{B62B9257-1890-49B4-8F1B-138E3E19323F}.Release|Any CPU.ActiveCfg = Release|Any CPU
		{B62B9257-1890-49B4-8F1B-138E3E19323F}.Release|Any CPU.Build.0 = Release|Any CPU
		{B62B9257-1890-49B4-8F1B-138E3E19323F}.Release|x64.ActiveCfg = Release|Any CPU
		{B62B9257-1890-49B4-8F1B-138E3E19323F}.Release|x64.Build.0 = Release|Any CPU
		{B62B9257-1890-49B4-8F1B-138E3E19323F}.Release|x86.ActiveCfg = Release|Any CPU
		{B62B9257-1890-49B4-8F1B-138E3E19323F}.Release|x86.Build.0 = Release|Any CPU
		{7816D4DE-6E8C-4188-9319-87872E5B020B}.Debug|Any CPU.ActiveCfg = Debug|Any CPU
		{7816D4DE-6E8C-4188-9319-87872E5B020B}.Debug|Any CPU.Build.0 = Debug|Any CPU
		{7816D4DE-6E8C-4188-9319-87872E5B020B}.Debug|x64.ActiveCfg = Debug|Any CPU
		{7816D4DE-6E8C-4188-9319-87872E5B020B}.Debug|x64.Build.0 = Debug|Any CPU
		{7816D4DE-6E8C-4188-9319-87872E5B020B}.Debug|x86.ActiveCfg = Debug|Any CPU
		{7816D4DE-6E8C-4188-9319-87872E5B020B}.Debug|x86.Build.0 = Debug|Any CPU
		{7816D4DE-6E8C-4188-9319-87872E5B020B}.Release|Any CPU.ActiveCfg = Release|Any CPU
		{7816D4DE-6E8C-4188-9319-87872E5B020B}.Release|Any CPU.Build.0 = Release|Any CPU
		{7816D4DE-6E8C-4188-9319-87872E5B020B}.Release|x64.ActiveCfg = Release|Any CPU
		{7816D4DE-6E8C-4188-9319-87872E5B020B}.Release|x64.Build.0 = Release|Any CPU
		{7816D4DE-6E8C-4188-9319-87872E5B020B}.Release|x86.ActiveCfg = Release|Any CPU
		{7816D4DE-6E8C-4188-9319-87872E5B020B}.Release|x86.Build.0 = Release|Any CPU
		{6BD3843A-0BC7-438E-BE3C-5E4D8814BE95}.Debug|Any CPU.ActiveCfg = Debug|Any CPU
		{6BD3843A-0BC7-438E-BE3C-5E4D8814BE95}.Debug|Any CPU.Build.0 = Debug|Any CPU
		{6BD3843A-0BC7-438E-BE3C-5E4D8814BE95}.Debug|x64.ActiveCfg = Debug|Any CPU
		{6BD3843A-0BC7-438E-BE3C-5E4D8814BE95}.Debug|x64.Build.0 = Debug|Any CPU
		{6BD3843A-0BC7-438E-BE3C-5E4D8814BE95}.Debug|x86.ActiveCfg = Debug|Any CPU
		{6BD3843A-0BC7-438E-BE3C-5E4D8814BE95}.Debug|x86.Build.0 = Debug|Any CPU
		{6BD3843A-0BC7-438E-BE3C-5E4D8814BE95}.Release|Any CPU.ActiveCfg = Release|Any CPU
		{6BD3843A-0BC7-438E-BE3C-5E4D8814BE95}.Release|Any CPU.Build.0 = Release|Any CPU
		{6BD3843A-0BC7-438E-BE3C-5E4D8814BE95}.Release|x64.ActiveCfg = Release|Any CPU
		{6BD3843A-0BC7-438E-BE3C-5E4D8814BE95}.Release|x64.Build.0 = Release|Any CPU
		{6BD3843A-0BC7-438E-BE3C-5E4D8814BE95}.Release|x86.ActiveCfg = Release|Any CPU
		{6BD3843A-0BC7-438E-BE3C-5E4D8814BE95}.Release|x86.Build.0 = Release|Any CPU
		{4F327184-7217-4447-AAEB-1EAAA180FF5B}.Debug|Any CPU.ActiveCfg = Debug|Any CPU
		{4F327184-7217-4447-AAEB-1EAAA180FF5B}.Debug|Any CPU.Build.0 = Debug|Any CPU
		{4F327184-7217-4447-AAEB-1EAAA180FF5B}.Debug|x64.ActiveCfg = Debug|Any CPU
		{4F327184-7217-4447-AAEB-1EAAA180FF5B}.Debug|x64.Build.0 = Debug|Any CPU
		{4F327184-7217-4447-AAEB-1EAAA180FF5B}.Debug|x86.ActiveCfg = Debug|Any CPU
		{4F327184-7217-4447-AAEB-1EAAA180FF5B}.Debug|x86.Build.0 = Debug|Any CPU
		{4F327184-7217-4447-AAEB-1EAAA180FF5B}.Release|Any CPU.ActiveCfg = Release|Any CPU
		{4F327184-7217-4447-AAEB-1EAAA180FF5B}.Release|Any CPU.Build.0 = Release|Any CPU
		{4F327184-7217-4447-AAEB-1EAAA180FF5B}.Release|x64.ActiveCfg = Release|Any CPU
		{4F327184-7217-4447-AAEB-1EAAA180FF5B}.Release|x64.Build.0 = Release|Any CPU
		{4F327184-7217-4447-AAEB-1EAAA180FF5B}.Release|x86.ActiveCfg = Release|Any CPU
		{4F327184-7217-4447-AAEB-1EAAA180FF5B}.Release|x86.Build.0 = Release|Any CPU
		{D5C1111B-79F1-4533-BA29-C0600DB3FB27}.Debug|Any CPU.ActiveCfg = Debug|Any CPU
		{D5C1111B-79F1-4533-BA29-C0600DB3FB27}.Debug|Any CPU.Build.0 = Debug|Any CPU
		{D5C1111B-79F1-4533-BA29-C0600DB3FB27}.Debug|x64.ActiveCfg = Debug|Any CPU
		{D5C1111B-79F1-4533-BA29-C0600DB3FB27}.Debug|x64.Build.0 = Debug|Any CPU
		{D5C1111B-79F1-4533-BA29-C0600DB3FB27}.Debug|x86.ActiveCfg = Debug|Any CPU
		{D5C1111B-79F1-4533-BA29-C0600DB3FB27}.Debug|x86.Build.0 = Debug|Any CPU
		{D5C1111B-79F1-4533-BA29-C0600DB3FB27}.Release|Any CPU.ActiveCfg = Release|Any CPU
		{D5C1111B-79F1-4533-BA29-C0600DB3FB27}.Release|Any CPU.Build.0 = Release|Any CPU
		{D5C1111B-79F1-4533-BA29-C0600DB3FB27}.Release|x64.ActiveCfg = Release|Any CPU
		{D5C1111B-79F1-4533-BA29-C0600DB3FB27}.Release|x64.Build.0 = Release|Any CPU
		{D5C1111B-79F1-4533-BA29-C0600DB3FB27}.Release|x86.ActiveCfg = Release|Any CPU
		{D5C1111B-79F1-4533-BA29-C0600DB3FB27}.Release|x86.Build.0 = Release|Any CPU
		{C2EBA97D-BB97-4944-8B7D-E438CB3D1C41}.Debug|Any CPU.ActiveCfg = Debug|Any CPU
		{C2EBA97D-BB97-4944-8B7D-E438CB3D1C41}.Debug|Any CPU.Build.0 = Debug|Any CPU
		{C2EBA97D-BB97-4944-8B7D-E438CB3D1C41}.Debug|x64.ActiveCfg = Debug|Any CPU
		{C2EBA97D-BB97-4944-8B7D-E438CB3D1C41}.Debug|x64.Build.0 = Debug|Any CPU
		{C2EBA97D-BB97-4944-8B7D-E438CB3D1C41}.Debug|x86.ActiveCfg = Debug|Any CPU
		{C2EBA97D-BB97-4944-8B7D-E438CB3D1C41}.Debug|x86.Build.0 = Debug|Any CPU
		{C2EBA97D-BB97-4944-8B7D-E438CB3D1C41}.Release|Any CPU.ActiveCfg = Release|Any CPU
		{C2EBA97D-BB97-4944-8B7D-E438CB3D1C41}.Release|Any CPU.Build.0 = Release|Any CPU
		{C2EBA97D-BB97-4944-8B7D-E438CB3D1C41}.Release|x64.ActiveCfg = Release|Any CPU
		{C2EBA97D-BB97-4944-8B7D-E438CB3D1C41}.Release|x64.Build.0 = Release|Any CPU
		{C2EBA97D-BB97-4944-8B7D-E438CB3D1C41}.Release|x86.ActiveCfg = Release|Any CPU
		{C2EBA97D-BB97-4944-8B7D-E438CB3D1C41}.Release|x86.Build.0 = Release|Any CPU
		{27522019-758B-47AC-88FA-0B1AB739C73D}.Debug|Any CPU.ActiveCfg = Debug|Any CPU
		{27522019-758B-47AC-88FA-0B1AB739C73D}.Debug|Any CPU.Build.0 = Debug|Any CPU
		{27522019-758B-47AC-88FA-0B1AB739C73D}.Debug|x64.ActiveCfg = Debug|Any CPU
		{27522019-758B-47AC-88FA-0B1AB739C73D}.Debug|x64.Build.0 = Debug|Any CPU
		{27522019-758B-47AC-88FA-0B1AB739C73D}.Debug|x86.ActiveCfg = Debug|Any CPU
		{27522019-758B-47AC-88FA-0B1AB739C73D}.Debug|x86.Build.0 = Debug|Any CPU
		{27522019-758B-47AC-88FA-0B1AB739C73D}.Release|Any CPU.ActiveCfg = Release|Any CPU
		{27522019-758B-47AC-88FA-0B1AB739C73D}.Release|Any CPU.Build.0 = Release|Any CPU
		{27522019-758B-47AC-88FA-0B1AB739C73D}.Release|x64.ActiveCfg = Release|Any CPU
		{27522019-758B-47AC-88FA-0B1AB739C73D}.Release|x64.Build.0 = Release|Any CPU
		{27522019-758B-47AC-88FA-0B1AB739C73D}.Release|x86.ActiveCfg = Release|Any CPU
		{27522019-758B-47AC-88FA-0B1AB739C73D}.Release|x86.Build.0 = Release|Any CPU
		{FD91B2DA-173F-4377-A8E1-9AB0ED8A4F0C}.Debug|Any CPU.ActiveCfg = Debug|Any CPU
		{FD91B2DA-173F-4377-A8E1-9AB0ED8A4F0C}.Debug|Any CPU.Build.0 = Debug|Any CPU
		{FD91B2DA-173F-4377-A8E1-9AB0ED8A4F0C}.Debug|x64.ActiveCfg = Debug|Any CPU
		{FD91B2DA-173F-4377-A8E1-9AB0ED8A4F0C}.Debug|x64.Build.0 = Debug|Any CPU
		{FD91B2DA-173F-4377-A8E1-9AB0ED8A4F0C}.Debug|x86.ActiveCfg = Debug|Any CPU
		{FD91B2DA-173F-4377-A8E1-9AB0ED8A4F0C}.Debug|x86.Build.0 = Debug|Any CPU
		{FD91B2DA-173F-4377-A8E1-9AB0ED8A4F0C}.Release|Any CPU.ActiveCfg = Release|Any CPU
		{FD91B2DA-173F-4377-A8E1-9AB0ED8A4F0C}.Release|Any CPU.Build.0 = Release|Any CPU
		{FD91B2DA-173F-4377-A8E1-9AB0ED8A4F0C}.Release|x64.ActiveCfg = Release|Any CPU
		{FD91B2DA-173F-4377-A8E1-9AB0ED8A4F0C}.Release|x64.Build.0 = Release|Any CPU
		{FD91B2DA-173F-4377-A8E1-9AB0ED8A4F0C}.Release|x86.ActiveCfg = Release|Any CPU
		{FD91B2DA-173F-4377-A8E1-9AB0ED8A4F0C}.Release|x86.Build.0 = Release|Any CPU
		{08521409-04C4-4CAD-A698-276A00B06374}.Debug|Any CPU.ActiveCfg = Debug|Any CPU
		{08521409-04C4-4CAD-A698-276A00B06374}.Debug|Any CPU.Build.0 = Debug|Any CPU
		{08521409-04C4-4CAD-A698-276A00B06374}.Debug|x64.ActiveCfg = Debug|Any CPU
		{08521409-04C4-4CAD-A698-276A00B06374}.Debug|x64.Build.0 = Debug|Any CPU
		{08521409-04C4-4CAD-A698-276A00B06374}.Debug|x86.ActiveCfg = Debug|Any CPU
		{08521409-04C4-4CAD-A698-276A00B06374}.Debug|x86.Build.0 = Debug|Any CPU
		{08521409-04C4-4CAD-A698-276A00B06374}.Release|Any CPU.ActiveCfg = Release|Any CPU
		{08521409-04C4-4CAD-A698-276A00B06374}.Release|Any CPU.Build.0 = Release|Any CPU
		{08521409-04C4-4CAD-A698-276A00B06374}.Release|x64.ActiveCfg = Release|Any CPU
		{08521409-04C4-4CAD-A698-276A00B06374}.Release|x64.Build.0 = Release|Any CPU
		{08521409-04C4-4CAD-A698-276A00B06374}.Release|x86.ActiveCfg = Release|Any CPU
		{08521409-04C4-4CAD-A698-276A00B06374}.Release|x86.Build.0 = Release|Any CPU
		{9460FFBC-2CBC-4D65-BE19-DA86EF25F794}.Debug|Any CPU.ActiveCfg = Debug|Any CPU
		{9460FFBC-2CBC-4D65-BE19-DA86EF25F794}.Debug|Any CPU.Build.0 = Debug|Any CPU
		{9460FFBC-2CBC-4D65-BE19-DA86EF25F794}.Debug|x64.ActiveCfg = Debug|Any CPU
		{9460FFBC-2CBC-4D65-BE19-DA86EF25F794}.Debug|x64.Build.0 = Debug|Any CPU
		{9460FFBC-2CBC-4D65-BE19-DA86EF25F794}.Debug|x86.ActiveCfg = Debug|Any CPU
		{9460FFBC-2CBC-4D65-BE19-DA86EF25F794}.Debug|x86.Build.0 = Debug|Any CPU
		{9460FFBC-2CBC-4D65-BE19-DA86EF25F794}.Release|Any CPU.ActiveCfg = Release|Any CPU
		{9460FFBC-2CBC-4D65-BE19-DA86EF25F794}.Release|Any CPU.Build.0 = Release|Any CPU
		{9460FFBC-2CBC-4D65-BE19-DA86EF25F794}.Release|x64.ActiveCfg = Release|Any CPU
		{9460FFBC-2CBC-4D65-BE19-DA86EF25F794}.Release|x64.Build.0 = Release|Any CPU
		{9460FFBC-2CBC-4D65-BE19-DA86EF25F794}.Release|x86.ActiveCfg = Release|Any CPU
		{9460FFBC-2CBC-4D65-BE19-DA86EF25F794}.Release|x86.Build.0 = Release|Any CPU
		{51C0ECC8-D1E7-4C7D-87C7-15E85A577419}.Debug|Any CPU.ActiveCfg = Debug|Any CPU
		{51C0ECC8-D1E7-4C7D-87C7-15E85A577419}.Debug|Any CPU.Build.0 = Debug|Any CPU
		{51C0ECC8-D1E7-4C7D-87C7-15E85A577419}.Debug|x64.ActiveCfg = Debug|Any CPU
		{51C0ECC8-D1E7-4C7D-87C7-15E85A577419}.Debug|x64.Build.0 = Debug|Any CPU
		{51C0ECC8-D1E7-4C7D-87C7-15E85A577419}.Debug|x86.ActiveCfg = Debug|Any CPU
		{51C0ECC8-D1E7-4C7D-87C7-15E85A577419}.Debug|x86.Build.0 = Debug|Any CPU
		{51C0ECC8-D1E7-4C7D-87C7-15E85A577419}.Release|Any CPU.ActiveCfg = Release|Any CPU
		{51C0ECC8-D1E7-4C7D-87C7-15E85A577419}.Release|Any CPU.Build.0 = Release|Any CPU
		{51C0ECC8-D1E7-4C7D-87C7-15E85A577419}.Release|x64.ActiveCfg = Release|Any CPU
		{51C0ECC8-D1E7-4C7D-87C7-15E85A577419}.Release|x64.Build.0 = Release|Any CPU
		{51C0ECC8-D1E7-4C7D-87C7-15E85A577419}.Release|x86.ActiveCfg = Release|Any CPU
		{51C0ECC8-D1E7-4C7D-87C7-15E85A577419}.Release|x86.Build.0 = Release|Any CPU
		{75CF67D5-C827-4D49-B1C0-8AE1874D03B9}.Debug|Any CPU.ActiveCfg = Debug|Any CPU
		{75CF67D5-C827-4D49-B1C0-8AE1874D03B9}.Debug|Any CPU.Build.0 = Debug|Any CPU
		{75CF67D5-C827-4D49-B1C0-8AE1874D03B9}.Debug|x64.ActiveCfg = Debug|Any CPU
		{75CF67D5-C827-4D49-B1C0-8AE1874D03B9}.Debug|x64.Build.0 = Debug|Any CPU
		{75CF67D5-C827-4D49-B1C0-8AE1874D03B9}.Debug|x86.ActiveCfg = Debug|Any CPU
		{75CF67D5-C827-4D49-B1C0-8AE1874D03B9}.Debug|x86.Build.0 = Debug|Any CPU
		{75CF67D5-C827-4D49-B1C0-8AE1874D03B9}.Release|Any CPU.ActiveCfg = Release|Any CPU
		{75CF67D5-C827-4D49-B1C0-8AE1874D03B9}.Release|Any CPU.Build.0 = Release|Any CPU
		{75CF67D5-C827-4D49-B1C0-8AE1874D03B9}.Release|x64.ActiveCfg = Release|Any CPU
		{75CF67D5-C827-4D49-B1C0-8AE1874D03B9}.Release|x64.Build.0 = Release|Any CPU
		{75CF67D5-C827-4D49-B1C0-8AE1874D03B9}.Release|x86.ActiveCfg = Release|Any CPU
		{75CF67D5-C827-4D49-B1C0-8AE1874D03B9}.Release|x86.Build.0 = Release|Any CPU
		{65AD9CE9-7FAF-4450-ABDE-C74FF6249101}.Debug|Any CPU.ActiveCfg = Debug|Any CPU
		{65AD9CE9-7FAF-4450-ABDE-C74FF6249101}.Debug|Any CPU.Build.0 = Debug|Any CPU
		{65AD9CE9-7FAF-4450-ABDE-C74FF6249101}.Debug|x64.ActiveCfg = Debug|Any CPU
		{65AD9CE9-7FAF-4450-ABDE-C74FF6249101}.Debug|x64.Build.0 = Debug|Any CPU
		{65AD9CE9-7FAF-4450-ABDE-C74FF6249101}.Debug|x86.ActiveCfg = Debug|Any CPU
		{65AD9CE9-7FAF-4450-ABDE-C74FF6249101}.Debug|x86.Build.0 = Debug|Any CPU
		{65AD9CE9-7FAF-4450-ABDE-C74FF6249101}.Release|Any CPU.ActiveCfg = Release|Any CPU
		{65AD9CE9-7FAF-4450-ABDE-C74FF6249101}.Release|Any CPU.Build.0 = Release|Any CPU
		{65AD9CE9-7FAF-4450-ABDE-C74FF6249101}.Release|x64.ActiveCfg = Release|Any CPU
		{65AD9CE9-7FAF-4450-ABDE-C74FF6249101}.Release|x64.Build.0 = Release|Any CPU
		{65AD9CE9-7FAF-4450-ABDE-C74FF6249101}.Release|x86.ActiveCfg = Release|Any CPU
		{65AD9CE9-7FAF-4450-ABDE-C74FF6249101}.Release|x86.Build.0 = Release|Any CPU
		{8F6C2616-094A-4561-BB99-6A2044A69D02}.Debug|Any CPU.ActiveCfg = Debug|Any CPU
		{8F6C2616-094A-4561-BB99-6A2044A69D02}.Debug|Any CPU.Build.0 = Debug|Any CPU
		{8F6C2616-094A-4561-BB99-6A2044A69D02}.Debug|x64.ActiveCfg = Debug|Any CPU
		{8F6C2616-094A-4561-BB99-6A2044A69D02}.Debug|x64.Build.0 = Debug|Any CPU
		{8F6C2616-094A-4561-BB99-6A2044A69D02}.Debug|x86.ActiveCfg = Debug|Any CPU
		{8F6C2616-094A-4561-BB99-6A2044A69D02}.Debug|x86.Build.0 = Debug|Any CPU
		{8F6C2616-094A-4561-BB99-6A2044A69D02}.Release|Any CPU.ActiveCfg = Release|Any CPU
		{8F6C2616-094A-4561-BB99-6A2044A69D02}.Release|Any CPU.Build.0 = Release|Any CPU
		{8F6C2616-094A-4561-BB99-6A2044A69D02}.Release|x64.ActiveCfg = Release|Any CPU
		{8F6C2616-094A-4561-BB99-6A2044A69D02}.Release|x64.Build.0 = Release|Any CPU
		{8F6C2616-094A-4561-BB99-6A2044A69D02}.Release|x86.ActiveCfg = Release|Any CPU
		{8F6C2616-094A-4561-BB99-6A2044A69D02}.Release|x86.Build.0 = Release|Any CPU
		{BCF1F490-1B75-4899-A6E9-E5FE2B50B609}.Debug|Any CPU.ActiveCfg = Debug|Any CPU
		{BCF1F490-1B75-4899-A6E9-E5FE2B50B609}.Debug|Any CPU.Build.0 = Debug|Any CPU
		{BCF1F490-1B75-4899-A6E9-E5FE2B50B609}.Debug|x64.ActiveCfg = Debug|Any CPU
		{BCF1F490-1B75-4899-A6E9-E5FE2B50B609}.Debug|x64.Build.0 = Debug|Any CPU
		{BCF1F490-1B75-4899-A6E9-E5FE2B50B609}.Debug|x86.ActiveCfg = Debug|Any CPU
		{BCF1F490-1B75-4899-A6E9-E5FE2B50B609}.Debug|x86.Build.0 = Debug|Any CPU
		{BCF1F490-1B75-4899-A6E9-E5FE2B50B609}.Release|Any CPU.ActiveCfg = Release|Any CPU
		{BCF1F490-1B75-4899-A6E9-E5FE2B50B609}.Release|Any CPU.Build.0 = Release|Any CPU
		{BCF1F490-1B75-4899-A6E9-E5FE2B50B609}.Release|x64.ActiveCfg = Release|Any CPU
		{BCF1F490-1B75-4899-A6E9-E5FE2B50B609}.Release|x64.Build.0 = Release|Any CPU
		{BCF1F490-1B75-4899-A6E9-E5FE2B50B609}.Release|x86.ActiveCfg = Release|Any CPU
		{BCF1F490-1B75-4899-A6E9-E5FE2B50B609}.Release|x86.Build.0 = Release|Any CPU
		{627F1934-5B35-40F3-9655-D114BE22F2CF}.Debug|Any CPU.ActiveCfg = Debug|Any CPU
		{627F1934-5B35-40F3-9655-D114BE22F2CF}.Debug|Any CPU.Build.0 = Debug|Any CPU
		{627F1934-5B35-40F3-9655-D114BE22F2CF}.Debug|x64.ActiveCfg = Debug|Any CPU
		{627F1934-5B35-40F3-9655-D114BE22F2CF}.Debug|x64.Build.0 = Debug|Any CPU
		{627F1934-5B35-40F3-9655-D114BE22F2CF}.Debug|x86.ActiveCfg = Debug|Any CPU
		{627F1934-5B35-40F3-9655-D114BE22F2CF}.Debug|x86.Build.0 = Debug|Any CPU
		{627F1934-5B35-40F3-9655-D114BE22F2CF}.Release|Any CPU.ActiveCfg = Release|Any CPU
		{627F1934-5B35-40F3-9655-D114BE22F2CF}.Release|Any CPU.Build.0 = Release|Any CPU
		{627F1934-5B35-40F3-9655-D114BE22F2CF}.Release|x64.ActiveCfg = Release|Any CPU
		{627F1934-5B35-40F3-9655-D114BE22F2CF}.Release|x64.Build.0 = Release|Any CPU
		{627F1934-5B35-40F3-9655-D114BE22F2CF}.Release|x86.ActiveCfg = Release|Any CPU
		{627F1934-5B35-40F3-9655-D114BE22F2CF}.Release|x86.Build.0 = Release|Any CPU
		{8359A057-516A-402A-91D9-8026DA2FDECE}.Debug|Any CPU.ActiveCfg = Debug|Any CPU
		{8359A057-516A-402A-91D9-8026DA2FDECE}.Debug|Any CPU.Build.0 = Debug|Any CPU
		{8359A057-516A-402A-91D9-8026DA2FDECE}.Debug|x64.ActiveCfg = Debug|Any CPU
		{8359A057-516A-402A-91D9-8026DA2FDECE}.Debug|x64.Build.0 = Debug|Any CPU
		{8359A057-516A-402A-91D9-8026DA2FDECE}.Debug|x86.ActiveCfg = Debug|Any CPU
		{8359A057-516A-402A-91D9-8026DA2FDECE}.Debug|x86.Build.0 = Debug|Any CPU
		{8359A057-516A-402A-91D9-8026DA2FDECE}.Release|Any CPU.ActiveCfg = Release|Any CPU
		{8359A057-516A-402A-91D9-8026DA2FDECE}.Release|Any CPU.Build.0 = Release|Any CPU
		{8359A057-516A-402A-91D9-8026DA2FDECE}.Release|x64.ActiveCfg = Release|Any CPU
		{8359A057-516A-402A-91D9-8026DA2FDECE}.Release|x64.Build.0 = Release|Any CPU
		{8359A057-516A-402A-91D9-8026DA2FDECE}.Release|x86.ActiveCfg = Release|Any CPU
		{8359A057-516A-402A-91D9-8026DA2FDECE}.Release|x86.Build.0 = Release|Any CPU
		{68206AC0-CF97-4E03-8B48-5F5802F76A41}.Debug|Any CPU.ActiveCfg = Debug|Any CPU
		{68206AC0-CF97-4E03-8B48-5F5802F76A41}.Debug|Any CPU.Build.0 = Debug|Any CPU
		{68206AC0-CF97-4E03-8B48-5F5802F76A41}.Debug|x64.ActiveCfg = Debug|Any CPU
		{68206AC0-CF97-4E03-8B48-5F5802F76A41}.Debug|x64.Build.0 = Debug|Any CPU
		{68206AC0-CF97-4E03-8B48-5F5802F76A41}.Debug|x86.ActiveCfg = Debug|Any CPU
		{68206AC0-CF97-4E03-8B48-5F5802F76A41}.Debug|x86.Build.0 = Debug|Any CPU
		{68206AC0-CF97-4E03-8B48-5F5802F76A41}.Release|Any CPU.ActiveCfg = Release|Any CPU
		{68206AC0-CF97-4E03-8B48-5F5802F76A41}.Release|Any CPU.Build.0 = Release|Any CPU
		{68206AC0-CF97-4E03-8B48-5F5802F76A41}.Release|x64.ActiveCfg = Release|Any CPU
		{68206AC0-CF97-4E03-8B48-5F5802F76A41}.Release|x64.Build.0 = Release|Any CPU
		{68206AC0-CF97-4E03-8B48-5F5802F76A41}.Release|x86.ActiveCfg = Release|Any CPU
		{68206AC0-CF97-4E03-8B48-5F5802F76A41}.Release|x86.Build.0 = Release|Any CPU
		{68BC3953-D400-438B-A480-DFD27552EDF2}.Debug|Any CPU.ActiveCfg = Debug|Any CPU
		{68BC3953-D400-438B-A480-DFD27552EDF2}.Debug|Any CPU.Build.0 = Debug|Any CPU
		{68BC3953-D400-438B-A480-DFD27552EDF2}.Debug|x64.ActiveCfg = Debug|Any CPU
		{68BC3953-D400-438B-A480-DFD27552EDF2}.Debug|x64.Build.0 = Debug|Any CPU
		{68BC3953-D400-438B-A480-DFD27552EDF2}.Debug|x86.ActiveCfg = Debug|Any CPU
		{68BC3953-D400-438B-A480-DFD27552EDF2}.Debug|x86.Build.0 = Debug|Any CPU
		{68BC3953-D400-438B-A480-DFD27552EDF2}.Release|Any CPU.ActiveCfg = Release|Any CPU
		{68BC3953-D400-438B-A480-DFD27552EDF2}.Release|Any CPU.Build.0 = Release|Any CPU
		{68BC3953-D400-438B-A480-DFD27552EDF2}.Release|x64.ActiveCfg = Release|Any CPU
		{68BC3953-D400-438B-A480-DFD27552EDF2}.Release|x64.Build.0 = Release|Any CPU
		{68BC3953-D400-438B-A480-DFD27552EDF2}.Release|x86.ActiveCfg = Release|Any CPU
		{68BC3953-D400-438B-A480-DFD27552EDF2}.Release|x86.Build.0 = Release|Any CPU
		{10BC1E5E-AD9F-4A4E-83DA-20AE3FD168DD}.Debug|Any CPU.ActiveCfg = Debug|Any CPU
		{10BC1E5E-AD9F-4A4E-83DA-20AE3FD168DD}.Debug|Any CPU.Build.0 = Debug|Any CPU
		{10BC1E5E-AD9F-4A4E-83DA-20AE3FD168DD}.Debug|x64.ActiveCfg = Debug|Any CPU
		{10BC1E5E-AD9F-4A4E-83DA-20AE3FD168DD}.Debug|x64.Build.0 = Debug|Any CPU
		{10BC1E5E-AD9F-4A4E-83DA-20AE3FD168DD}.Debug|x86.ActiveCfg = Debug|Any CPU
		{10BC1E5E-AD9F-4A4E-83DA-20AE3FD168DD}.Debug|x86.Build.0 = Debug|Any CPU
		{10BC1E5E-AD9F-4A4E-83DA-20AE3FD168DD}.Release|Any CPU.ActiveCfg = Release|Any CPU
		{10BC1E5E-AD9F-4A4E-83DA-20AE3FD168DD}.Release|Any CPU.Build.0 = Release|Any CPU
		{10BC1E5E-AD9F-4A4E-83DA-20AE3FD168DD}.Release|x64.ActiveCfg = Release|Any CPU
		{10BC1E5E-AD9F-4A4E-83DA-20AE3FD168DD}.Release|x64.Build.0 = Release|Any CPU
		{10BC1E5E-AD9F-4A4E-83DA-20AE3FD168DD}.Release|x86.ActiveCfg = Release|Any CPU
		{10BC1E5E-AD9F-4A4E-83DA-20AE3FD168DD}.Release|x86.Build.0 = Release|Any CPU
		{A0F37724-9EB5-4A85-B83B-0D0A0A679B80}.Debug|Any CPU.ActiveCfg = Debug|Any CPU
		{A0F37724-9EB5-4A85-B83B-0D0A0A679B80}.Debug|Any CPU.Build.0 = Debug|Any CPU
		{A0F37724-9EB5-4A85-B83B-0D0A0A679B80}.Debug|x64.ActiveCfg = Debug|Any CPU
		{A0F37724-9EB5-4A85-B83B-0D0A0A679B80}.Debug|x64.Build.0 = Debug|Any CPU
		{A0F37724-9EB5-4A85-B83B-0D0A0A679B80}.Debug|x86.ActiveCfg = Debug|Any CPU
		{A0F37724-9EB5-4A85-B83B-0D0A0A679B80}.Debug|x86.Build.0 = Debug|Any CPU
		{A0F37724-9EB5-4A85-B83B-0D0A0A679B80}.Release|Any CPU.ActiveCfg = Release|Any CPU
		{A0F37724-9EB5-4A85-B83B-0D0A0A679B80}.Release|Any CPU.Build.0 = Release|Any CPU
		{A0F37724-9EB5-4A85-B83B-0D0A0A679B80}.Release|x64.ActiveCfg = Release|Any CPU
		{A0F37724-9EB5-4A85-B83B-0D0A0A679B80}.Release|x64.Build.0 = Release|Any CPU
		{A0F37724-9EB5-4A85-B83B-0D0A0A679B80}.Release|x86.ActiveCfg = Release|Any CPU
		{A0F37724-9EB5-4A85-B83B-0D0A0A679B80}.Release|x86.Build.0 = Release|Any CPU
		{558FD208-1380-4BFB-82B8-F4684736BEEB}.Debug|Any CPU.ActiveCfg = Debug|Any CPU
		{558FD208-1380-4BFB-82B8-F4684736BEEB}.Debug|Any CPU.Build.0 = Debug|Any CPU
		{558FD208-1380-4BFB-82B8-F4684736BEEB}.Debug|x64.ActiveCfg = Debug|Any CPU
		{558FD208-1380-4BFB-82B8-F4684736BEEB}.Debug|x64.Build.0 = Debug|Any CPU
		{558FD208-1380-4BFB-82B8-F4684736BEEB}.Debug|x86.ActiveCfg = Debug|Any CPU
		{558FD208-1380-4BFB-82B8-F4684736BEEB}.Debug|x86.Build.0 = Debug|Any CPU
		{558FD208-1380-4BFB-82B8-F4684736BEEB}.Release|Any CPU.ActiveCfg = Release|Any CPU
		{558FD208-1380-4BFB-82B8-F4684736BEEB}.Release|Any CPU.Build.0 = Release|Any CPU
		{558FD208-1380-4BFB-82B8-F4684736BEEB}.Release|x64.ActiveCfg = Release|Any CPU
		{558FD208-1380-4BFB-82B8-F4684736BEEB}.Release|x64.Build.0 = Release|Any CPU
		{558FD208-1380-4BFB-82B8-F4684736BEEB}.Release|x86.ActiveCfg = Release|Any CPU
		{558FD208-1380-4BFB-82B8-F4684736BEEB}.Release|x86.Build.0 = Release|Any CPU
		{46595437-34CE-485E-8DD5-7DA6FB1988E1}.Debug|Any CPU.ActiveCfg = Debug|Any CPU
		{46595437-34CE-485E-8DD5-7DA6FB1988E1}.Debug|Any CPU.Build.0 = Debug|Any CPU
		{46595437-34CE-485E-8DD5-7DA6FB1988E1}.Debug|x64.ActiveCfg = Debug|Any CPU
		{46595437-34CE-485E-8DD5-7DA6FB1988E1}.Debug|x64.Build.0 = Debug|Any CPU
		{46595437-34CE-485E-8DD5-7DA6FB1988E1}.Debug|x86.ActiveCfg = Debug|Any CPU
		{46595437-34CE-485E-8DD5-7DA6FB1988E1}.Debug|x86.Build.0 = Debug|Any CPU
		{46595437-34CE-485E-8DD5-7DA6FB1988E1}.Release|Any CPU.ActiveCfg = Release|Any CPU
		{46595437-34CE-485E-8DD5-7DA6FB1988E1}.Release|Any CPU.Build.0 = Release|Any CPU
		{46595437-34CE-485E-8DD5-7DA6FB1988E1}.Release|x64.ActiveCfg = Release|Any CPU
		{46595437-34CE-485E-8DD5-7DA6FB1988E1}.Release|x64.Build.0 = Release|Any CPU
		{46595437-34CE-485E-8DD5-7DA6FB1988E1}.Release|x86.ActiveCfg = Release|Any CPU
		{46595437-34CE-485E-8DD5-7DA6FB1988E1}.Release|x86.Build.0 = Release|Any CPU
	EndGlobalSection
	GlobalSection(SolutionProperties) = preSolution
		HideSolutionNode = FALSE
	EndGlobalSection
	GlobalSection(NestedProjects) = preSolution
		{EF78C397-095C-49BE-B2F5-82B3FD0F5BF5} = {0AB3BF05-4346-4AA6-1389-037BE0695223}
		{EC447DCF-ABFA-6E24-52A5-D7FD48A5C558} = {827E0CD3-B72D-47B6-A68D-7590B98EB39B}
		{9EE74A00-3288-3237-5869-955A29E79777} = {EC447DCF-ABFA-6E24-52A5-D7FD48A5C558}
		{0720A3BF-3ADE-4696-854E-753230D5957E} = {0AB3BF05-4346-4AA6-1389-037BE0695223}
		{E9D55F35-C373-3DD8-6914-3213F2F582A2} = {EC447DCF-ABFA-6E24-52A5-D7FD48A5C558}
		{C8E42992-5E42-0C2B-DBFE-AA848D06431C} = {827E0CD3-B72D-47B6-A68D-7590B98EB39B}
		{34313333-DB3D-4EA7-9A14-BA04160DEDEE} = {C8E42992-5E42-0C2B-DBFE-AA848D06431C}
		{DE9DAF8A-E684-0FD3-FFDC-40D3E3158533} = {EC447DCF-ABFA-6E24-52A5-D7FD48A5C558}
		{4D4B6FE5-647C-4A87-B10E-1E15E552D549} = {DE9DAF8A-E684-0FD3-FFDC-40D3E3158533}
		{5E58936E-DFBF-4557-A148-1F798E37CFAE} = {DE9DAF8A-E684-0FD3-FFDC-40D3E3158533}
		{008ED076-F5EE-4901-B6AA-9A90C8148EEB} = {DE9DAF8A-E684-0FD3-FFDC-40D3E3158533}
		{D1E4A349-3320-4A9A-B8FC-C5966B1FECEB} = {DE9DAF8A-E684-0FD3-FFDC-40D3E3158533}
		{BB1D8860-8311-E62E-D03C-503AF4A8C141} = {EC447DCF-ABFA-6E24-52A5-D7FD48A5C558}
		{60EDBAF6-744C-4A84-B97D-2CDB93DFE16A} = {BB1D8860-8311-E62E-D03C-503AF4A8C141}
		{99301E14-A289-4760-A559-C24E57D880D3} = {BB1D8860-8311-E62E-D03C-503AF4A8C141}
		{B62B9257-1890-49B4-8F1B-138E3E19323F} = {BB1D8860-8311-E62E-D03C-503AF4A8C141}
		{7816D4DE-6E8C-4188-9319-87872E5B020B} = {BB1D8860-8311-E62E-D03C-503AF4A8C141}
		{6BD3843A-0BC7-438E-BE3C-5E4D8814BE95} = {0AB3BF05-4346-4AA6-1389-037BE0695223}
		{4F327184-7217-4447-AAEB-1EAAA180FF5B} = {0AB3BF05-4346-4AA6-1389-037BE0695223}
		{981C2CF6-E5BB-602A-511C-234B538302B0} = {827E0CD3-B72D-47B6-A68D-7590B98EB39B}
		{D5C1111B-79F1-4533-BA29-C0600DB3FB27} = {0AB3BF05-4346-4AA6-1389-037BE0695223}
		{C2EBA97D-BB97-4944-8B7D-E438CB3D1C41} = {0AB3BF05-4346-4AA6-1389-037BE0695223}
		{27522019-758B-47AC-88FA-0B1AB739C73D} = {0AB3BF05-4346-4AA6-1389-037BE0695223}
		{FD91B2DA-173F-4377-A8E1-9AB0ED8A4F0C} = {0AB3BF05-4346-4AA6-1389-037BE0695223}
		{B7504168-2F66-9EF4-E8D7-36B98062A6F8} = {EC447DCF-ABFA-6E24-52A5-D7FD48A5C558}
		{08521409-04C4-4CAD-A698-276A00B06374} = {B7504168-2F66-9EF4-E8D7-36B98062A6F8}
		{9460FFBC-2CBC-4D65-BE19-DA86EF25F794} = {B7504168-2F66-9EF4-E8D7-36B98062A6F8}
		{51C0ECC8-D1E7-4C7D-87C7-15E85A577419} = {B7504168-2F66-9EF4-E8D7-36B98062A6F8}
		{75CF67D5-C827-4D49-B1C0-8AE1874D03B9} = {0AB3BF05-4346-4AA6-1389-037BE0695223}
		{65AD9CE9-7FAF-4450-ABDE-C74FF6249101} = {B7504168-2F66-9EF4-E8D7-36B98062A6F8}
		{8F6C2616-094A-4561-BB99-6A2044A69D02} = {0AB3BF05-4346-4AA6-1389-037BE0695223}
		{BCF1F490-1B75-4899-A6E9-E5FE2B50B609} = {0AB3BF05-4346-4AA6-1389-037BE0695223}
		{73DB6007-8A23-9EB5-FDA9-455D3F5AF593} = {EC447DCF-ABFA-6E24-52A5-D7FD48A5C558}
		{627F1934-5B35-40F3-9655-D114BE22F2CF} = {73DB6007-8A23-9EB5-FDA9-455D3F5AF593}
		{8359A057-516A-402A-91D9-8026DA2FDECE} = {73DB6007-8A23-9EB5-FDA9-455D3F5AF593}
		{68206AC0-CF97-4E03-8B48-5F5802F76A41} = {73DB6007-8A23-9EB5-FDA9-455D3F5AF593}
		{68BC3953-D400-438B-A480-DFD27552EDF2} = {73DB6007-8A23-9EB5-FDA9-455D3F5AF593}
		{09A91B6C-79E6-0968-6169-7E6887562B47} = {EC447DCF-ABFA-6E24-52A5-D7FD48A5C558}
		{10BC1E5E-AD9F-4A4E-83DA-20AE3FD168DD} = {09A91B6C-79E6-0968-6169-7E6887562B47}
		{A0F37724-9EB5-4A85-B83B-0D0A0A679B80} = {09A91B6C-79E6-0968-6169-7E6887562B47}
		{558FD208-1380-4BFB-82B8-F4684736BEEB} = {09A91B6C-79E6-0968-6169-7E6887562B47}
		{46595437-34CE-485E-8DD5-7DA6FB1988E1} = {09A91B6C-79E6-0968-6169-7E6887562B47}
	EndGlobalSection
EndGlobal
